
Microsoft Visual Studio Solution File, Format Version 12.00
# Visual Studio Version 17
VisualStudioVersion = 17.9.34407.89
MinimumVisualStudioVersion = 10.0.40219.1
Project("{9A19103F-16F7-4668-BE54-9A1E7A4F7556}") = "ChaplinStudio1", "ChaplinStudio1\ChaplinStudio1.csproj", "{ABA0EC95-335E-4E1E-8289-5A921719857C}"
EndProject
Global
	GlobalSection(SolutionConfigurationPlatforms) = preSolution
		Debug|Any CPU = Debug|Any CPU
		Release|Any CPU = Release|Any CPU
	EndGlobalSection
	GlobalSection(ProjectConfigurationPlatforms) = postSolution
		{ABA0EC95-335E-4E1E-8289-5A921719857C}.Debug|Any CPU.ActiveCfg = Debug|Any CPU
		{ABA0EC95-335E-4E1E-8289-5A921719857C}.Debug|Any CPU.Build.0 = Debug|Any CPU
		{ABA0EC95-335E-4E1E-8289-5A921719857C}.Debug|Any CPU.Deploy.0 = Debug|Any CPU
		{ABA0EC95-335E-4E1E-8289-5A921719857C}.Release|Any CPU.ActiveCfg = Release|Any CPU
		{ABA0EC95-335E-4E1E-8289-5A921719857C}.Release|Any CPU.Build.0 = Release|Any CPU
		{ABA0EC95-335E-4E1E-8289-5A921719857C}.Release|Any CPU.Deploy.0 = Release|Any CPU
	EndGlobalSection
	GlobalSection(SolutionProperties) = preSolution
		HideSolutionNode = FALSE
	EndGlobalSection
	GlobalSection(ExtensibilityGlobals) = postSolution
		SolutionGuid = {393E446A-65E8-45C7-A8A5-2DABB7CADB7F}
	EndGlobalSection
EndGlobal
